
Microsoft Visual Studio Solution File, Format Version 12.00
# Visual Studio Version 17
VisualStudioVersion = 17.2.32630.192
MinimumVisualStudioVersion = 10.0.40219.1
Project("{9A19103F-16F7-4668-BE54-9A1E7A4F7556}") = "FluentSQL", "src\FluentSQL\FluentSQL.csproj", "{0D6C61C4-C34B-430E-BC50-71825AFF3C81}"
EndProject
Project("{2150E333-8FDC-42A3-9474-1A3956D46DE8}") = "Test", "Test", "{13EFDA83-7851-4B95-80D6-7D2BE2FB541A}"
EndProject
Project("{9A19103F-16F7-4668-BE54-9A1E7A4F7556}") = "FluentSQL.MySql", "src\FluentSQL.MySql\FluentSQL.MySql.csproj", "{C5BB252A-17AB-4394-B924-7548A72EAEF7}"
EndProject
Project("{9A19103F-16F7-4668-BE54-9A1E7A4F7556}") = "FluentSQL.SQLServer", "src\FluentSQL.SQLServer\FluentSQL.SQLServer.csproj", "{4AC87ABB-FB11-4380-A71D-2B95DFDCD428}"
EndProject
Project("{9A19103F-16F7-4668-BE54-9A1E7A4F7556}") = "FluentSQL.DatabaseManagement", "src\FluentSQL.DatabaseManagment\FluentSQL.DatabaseManagement.csproj", "{D7A8E2CC-D2BE-45B0-B845-1A03A2B31BF1}"
EndProject
Project("{9A19103F-16F7-4668-BE54-9A1E7A4F7556}") = "FluentSQLTest", "test\FluentSQLTest\FluentSQLTest.csproj", "{BE305C0F-281A-4F6D-AFB2-AF6B06A5E67F}"
EndProject
Project("{9A19103F-16F7-4668-BE54-9A1E7A4F7556}") = "FluentSQL.DatabaseManagementTest", "test\FluentSQL.DatabaseManagementTest\FluentSQL.DatabaseManagementTest.csproj", "{32279BE7-B0D3-4F56-A1BD-0FD2EB1BB320}"
EndProject
Project("{2150E333-8FDC-42A3-9474-1A3956D46DE8}") = "Benchmark", "Benchmark", "{82EC144C-503E-4C8E-B344-A9D4E8C84BC8}"
EndProject
Project("{9A19103F-16F7-4668-BE54-9A1E7A4F7556}") = "FluentSQL.Benchmarks", "benchmarks\FluentSQL.Benchmarks\FluentSQL.Benchmarks.csproj", "{7736BFC0-BD36-4377-A904-261F6FEF6FD4}"
EndProject
Project("{9A19103F-16F7-4668-BE54-9A1E7A4F7556}") = "FluentSQL.Sqlite", "src\FluentSQL.Sqlite\FluentSQL.Sqlite.csproj", "{1E4B1D14-2FA9-4FB5-99BB-987E6973A888}"
EndProject
Project("{FAE04EC0-301F-11D3-BF4B-00C04F79EFBC}") = "FluentSQL.SqliteTest", "test\FluentSQL.SqliteTest\FluentSQL.SqliteTest.csproj", "{178F6260-5A65-483C-AB6B-7ECC74A5AE91}"
EndProject
Global
	GlobalSection(SolutionConfigurationPlatforms) = preSolution
		Debug|Any CPU = Debug|Any CPU
		Release|Any CPU = Release|Any CPU
	EndGlobalSection
	GlobalSection(ProjectConfigurationPlatforms) = postSolution
		{0D6C61C4-C34B-430E-BC50-71825AFF3C81}.Debug|Any CPU.ActiveCfg = Debug|Any CPU
		{0D6C61C4-C34B-430E-BC50-71825AFF3C81}.Debug|Any CPU.Build.0 = Debug|Any CPU
		{0D6C61C4-C34B-430E-BC50-71825AFF3C81}.Release|Any CPU.ActiveCfg = Release|Any CPU
		{0D6C61C4-C34B-430E-BC50-71825AFF3C81}.Release|Any CPU.Build.0 = Release|Any CPU
		{C5BB252A-17AB-4394-B924-7548A72EAEF7}.Debug|Any CPU.ActiveCfg = Debug|Any CPU
		{C5BB252A-17AB-4394-B924-7548A72EAEF7}.Debug|Any CPU.Build.0 = Debug|Any CPU
		{C5BB252A-17AB-4394-B924-7548A72EAEF7}.Release|Any CPU.ActiveCfg = Release|Any CPU
		{C5BB252A-17AB-4394-B924-7548A72EAEF7}.Release|Any CPU.Build.0 = Release|Any CPU
		{4AC87ABB-FB11-4380-A71D-2B95DFDCD428}.Debug|Any CPU.ActiveCfg = Debug|Any CPU
		{4AC87ABB-FB11-4380-A71D-2B95DFDCD428}.Debug|Any CPU.Build.0 = Debug|Any CPU
		{4AC87ABB-FB11-4380-A71D-2B95DFDCD428}.Release|Any CPU.ActiveCfg = Release|Any CPU
		{4AC87ABB-FB11-4380-A71D-2B95DFDCD428}.Release|Any CPU.Build.0 = Release|Any CPU
		{D7A8E2CC-D2BE-45B0-B845-1A03A2B31BF1}.Debug|Any CPU.ActiveCfg = Debug|Any CPU
		{D7A8E2CC-D2BE-45B0-B845-1A03A2B31BF1}.Debug|Any CPU.Build.0 = Debug|Any CPU
		{D7A8E2CC-D2BE-45B0-B845-1A03A2B31BF1}.Release|Any CPU.ActiveCfg = Release|Any CPU
		{D7A8E2CC-D2BE-45B0-B845-1A03A2B31BF1}.Release|Any CPU.Build.0 = Release|Any CPU
		{BE305C0F-281A-4F6D-AFB2-AF6B06A5E67F}.Debug|Any CPU.ActiveCfg = Debug|Any CPU
		{BE305C0F-281A-4F6D-AFB2-AF6B06A5E67F}.Debug|Any CPU.Build.0 = Debug|Any CPU
		{BE305C0F-281A-4F6D-AFB2-AF6B06A5E67F}.Release|Any CPU.ActiveCfg = Release|Any CPU
		{BE305C0F-281A-4F6D-AFB2-AF6B06A5E67F}.Release|Any CPU.Build.0 = Release|Any CPU
		{32279BE7-B0D3-4F56-A1BD-0FD2EB1BB320}.Debug|Any CPU.ActiveCfg = Debug|Any CPU
		{32279BE7-B0D3-4F56-A1BD-0FD2EB1BB320}.Debug|Any CPU.Build.0 = Debug|Any CPU
		{32279BE7-B0D3-4F56-A1BD-0FD2EB1BB320}.Release|Any CPU.ActiveCfg = Release|Any CPU
		{32279BE7-B0D3-4F56-A1BD-0FD2EB1BB320}.Release|Any CPU.Build.0 = Release|Any CPU
		{7736BFC0-BD36-4377-A904-261F6FEF6FD4}.Debug|Any CPU.ActiveCfg = Debug|Any CPU
		{7736BFC0-BD36-4377-A904-261F6FEF6FD4}.Debug|Any CPU.Build.0 = Debug|Any CPU
		{7736BFC0-BD36-4377-A904-261F6FEF6FD4}.Release|Any CPU.ActiveCfg = Release|Any CPU
		{7736BFC0-BD36-4377-A904-261F6FEF6FD4}.Release|Any CPU.Build.0 = Release|Any CPU
		{1E4B1D14-2FA9-4FB5-99BB-987E6973A888}.Debug|Any CPU.ActiveCfg = Debug|Any CPU
		{1E4B1D14-2FA9-4FB5-99BB-987E6973A888}.Debug|Any CPU.Build.0 = Debug|Any CPU
		{1E4B1D14-2FA9-4FB5-99BB-987E6973A888}.Release|Any CPU.ActiveCfg = Release|Any CPU
		{1E4B1D14-2FA9-4FB5-99BB-987E6973A888}.Release|Any CPU.Build.0 = Release|Any CPU
		{178F6260-5A65-483C-AB6B-7ECC74A5AE91}.Debug|Any CPU.ActiveCfg = Debug|Any CPU
		{178F6260-5A65-483C-AB6B-7ECC74A5AE91}.Debug|Any CPU.Build.0 = Debug|Any CPU
		{178F6260-5A65-483C-AB6B-7ECC74A5AE91}.Release|Any CPU.ActiveCfg = Release|Any CPU
		{178F6260-5A65-483C-AB6B-7ECC74A5AE91}.Release|Any CPU.Build.0 = Release|Any CPU
	EndGlobalSection
	GlobalSection(SolutionProperties) = preSolution
		HideSolutionNode = FALSE
	EndGlobalSection
	GlobalSection(NestedProjects) = preSolution
		{BE305C0F-281A-4F6D-AFB2-AF6B06A5E67F} = {13EFDA83-7851-4B95-80D6-7D2BE2FB541A}
		{32279BE7-B0D3-4F56-A1BD-0FD2EB1BB320} = {13EFDA83-7851-4B95-80D6-7D2BE2FB541A}
		{7736BFC0-BD36-4377-A904-261F6FEF6FD4} = {82EC144C-503E-4C8E-B344-A9D4E8C84BC8}
		{178F6260-5A65-483C-AB6B-7ECC74A5AE91} = {13EFDA83-7851-4B95-80D6-7D2BE2FB541A}
	EndGlobalSection
	GlobalSection(ExtensibilityGlobals) = postSolution
		SolutionGuid = {1D3D7192-9469-4D67-8805-449A56110CBA}
	EndGlobalSection
EndGlobal
