
Microsoft Visual Studio Solution File, Format Version 12.00
# Visual Studio Version 17
VisualStudioVersion = 17.2.32630.192
MinimumVisualStudioVersion = 10.0.40219.1
Project("{2150E333-8FDC-42A3-9474-1A3956D46DE8}") = "Solution Items", "Solution Items", "{BA8518E7-BE87-474F-BDF2-8E5D068C530B}"
	ProjectSection(SolutionItems) = preProject
		.editorconfig = .editorconfig
	EndProjectSection
EndProject
Project("{2150E333-8FDC-42A3-9474-1A3956D46DE8}") = "Test", "Test", "{8F7DFF77-AB38-4EFE-AD8C-F1CF71009D20}"
EndProject
Project("{9A19103F-16F7-4668-BE54-9A1E7A4F7556}") = "GSqlQuery", "src\GSqlQuery\GSqlQuery.csproj", "{397B5908-73C1-4043-947C-0C3F86E4D682}"
EndProject
Project("{9A19103F-16F7-4668-BE54-9A1E7A4F7556}") = "GSqlQuery.Test", "test\GSqlQuery.Test\GSqlQuery.Test.csproj", "{41E7F04B-7D4C-49AF-AE02-4DF1E95DC7E8}"
EndProject
Project("{9A19103F-16F7-4668-BE54-9A1E7A4F7556}") = "GSqlQuery.Runner", "src\GSqlQuery.Runner\GSqlQuery.Runner.csproj", "{0145C1C6-A7DA-4527-B97D-912D3EB639B3}"
EndProject
Project("{9A19103F-16F7-4668-BE54-9A1E7A4F7556}") = "GSqlQuery.Runner.Test", "test\GSqlQuery.Runner.Test\GSqlQuery.Runner.Test.csproj", "{9934782D-7E6D-455D-96FF-8D90CB2EFE5C}"
EndProject
Project("{2150E333-8FDC-42A3-9474-1A3956D46DE8}") = "DataBase", "DataBase", "{00F3CF97-0CF3-44CA-A5EC-6F8716F4EBBF}"
EndProject
Project("{9A19103F-16F7-4668-BE54-9A1E7A4F7556}") = "GSqlQuery.Sqlite", "src\GSqlQuery.Sqlite\GSqlQuery.Sqlite.csproj", "{DDF59F29-DB55-464D-828F-316517E4AF73}"
EndProject
Project("{2150E333-8FDC-42A3-9474-1A3956D46DE8}") = "DataBase", "DataBase", "{196B1B97-75F9-409B-A2AC-4BA61554AC67}"
EndProject
Project("{9A19103F-16F7-4668-BE54-9A1E7A4F7556}") = "GSqlQuery.Sqlite.Test", "test\GSqlQuery.Sqlite.Test\GSqlQuery.Sqlite.Test.csproj", "{2035B52C-3C64-435C-908A-EE15F5725860}"
EndProject
Project("{9A19103F-16F7-4668-BE54-9A1E7A4F7556}") = "GSqlQuery.MySql", "src\GSqlQuery.MySql\GSqlQuery.MySql.csproj", "{95C90F86-14C5-493D-964C-4FF4223645B4}"
EndProject
Project("{9A19103F-16F7-4668-BE54-9A1E7A4F7556}") = "GSqlQuery.MySql.Test", "test\GSqlQuery.MySql.Test\GSqlQuery.MySql.Test.csproj", "{C9C6471A-E7E9-4856-BAD8-18EE174BCF7E}"
EndProject
Project("{2150E333-8FDC-42A3-9474-1A3956D46DE8}") = "Benchmark", "Benchmark", "{AB1FA910-3AA7-4C0A-B570-D4A785E87000}"
EndProject
Project("{9A19103F-16F7-4668-BE54-9A1E7A4F7556}") = "GSqlQuery.Benchmark", "benchmarks\GSqlQuery.Benchmark\GSqlQuery.Benchmark.csproj", "{923FF5FC-7C7D-401F-9E44-7922B62301C3}"
EndProject
Project("{9A19103F-16F7-4668-BE54-9A1E7A4F7556}") = "GSqlQuery.Sqlite.Benchmark", "benchmarks\GSqlQuery.Sqlite.Benchmark\GSqlQuery.Sqlite.Benchmark.csproj", "{9819AF6A-A491-41B4-A601-2382049CF369}"
EndProject
Project("{9A19103F-16F7-4668-BE54-9A1E7A4F7556}") = "GSqlQuery.MySql.Benchmark", "benchmarks\GSqlQuery.MySql.Benchmark\GSqlQuery.MySql.Benchmark.csproj", "{850CFB85-E90F-4D2E-BA64-504F294267B3}"
EndProject
Project("{9A19103F-16F7-4668-BE54-9A1E7A4F7556}") = "GSqlQuery.SQLServer", "src\GSqlQuery.SQLServer\GSqlQuery.SQLServer.csproj", "{AEDC25AF-11E5-482C-B082-FB20DA46CA86}"
EndProject
Global
	GlobalSection(SolutionConfigurationPlatforms) = preSolution
		Debug|Any CPU = Debug|Any CPU
		Release|Any CPU = Release|Any CPU
	EndGlobalSection
	GlobalSection(ProjectConfigurationPlatforms) = postSolution
		{397B5908-73C1-4043-947C-0C3F86E4D682}.Debug|Any CPU.ActiveCfg = Debug|Any CPU
		{397B5908-73C1-4043-947C-0C3F86E4D682}.Debug|Any CPU.Build.0 = Debug|Any CPU
		{397B5908-73C1-4043-947C-0C3F86E4D682}.Release|Any CPU.ActiveCfg = Release|Any CPU
		{397B5908-73C1-4043-947C-0C3F86E4D682}.Release|Any CPU.Build.0 = Release|Any CPU
		{41E7F04B-7D4C-49AF-AE02-4DF1E95DC7E8}.Debug|Any CPU.ActiveCfg = Debug|Any CPU
		{41E7F04B-7D4C-49AF-AE02-4DF1E95DC7E8}.Debug|Any CPU.Build.0 = Debug|Any CPU
		{41E7F04B-7D4C-49AF-AE02-4DF1E95DC7E8}.Release|Any CPU.ActiveCfg = Release|Any CPU
		{41E7F04B-7D4C-49AF-AE02-4DF1E95DC7E8}.Release|Any CPU.Build.0 = Release|Any CPU
		{0145C1C6-A7DA-4527-B97D-912D3EB639B3}.Debug|Any CPU.ActiveCfg = Debug|Any CPU
		{0145C1C6-A7DA-4527-B97D-912D3EB639B3}.Debug|Any CPU.Build.0 = Debug|Any CPU
		{0145C1C6-A7DA-4527-B97D-912D3EB639B3}.Release|Any CPU.ActiveCfg = Release|Any CPU
		{0145C1C6-A7DA-4527-B97D-912D3EB639B3}.Release|Any CPU.Build.0 = Release|Any CPU
		{9934782D-7E6D-455D-96FF-8D90CB2EFE5C}.Debug|Any CPU.ActiveCfg = Debug|Any CPU
		{9934782D-7E6D-455D-96FF-8D90CB2EFE5C}.Debug|Any CPU.Build.0 = Debug|Any CPU
		{9934782D-7E6D-455D-96FF-8D90CB2EFE5C}.Release|Any CPU.ActiveCfg = Release|Any CPU
		{9934782D-7E6D-455D-96FF-8D90CB2EFE5C}.Release|Any CPU.Build.0 = Release|Any CPU
		{DDF59F29-DB55-464D-828F-316517E4AF73}.Debug|Any CPU.ActiveCfg = Debug|Any CPU
		{DDF59F29-DB55-464D-828F-316517E4AF73}.Debug|Any CPU.Build.0 = Debug|Any CPU
		{DDF59F29-DB55-464D-828F-316517E4AF73}.Release|Any CPU.ActiveCfg = Release|Any CPU
		{DDF59F29-DB55-464D-828F-316517E4AF73}.Release|Any CPU.Build.0 = Release|Any CPU
		{2035B52C-3C64-435C-908A-EE15F5725860}.Debug|Any CPU.ActiveCfg = Debug|Any CPU
		{2035B52C-3C64-435C-908A-EE15F5725860}.Debug|Any CPU.Build.0 = Debug|Any CPU
		{2035B52C-3C64-435C-908A-EE15F5725860}.Release|Any CPU.ActiveCfg = Release|Any CPU
		{2035B52C-3C64-435C-908A-EE15F5725860}.Release|Any CPU.Build.0 = Release|Any CPU
		{95C90F86-14C5-493D-964C-4FF4223645B4}.Debug|Any CPU.ActiveCfg = Debug|Any CPU
		{95C90F86-14C5-493D-964C-4FF4223645B4}.Debug|Any CPU.Build.0 = Debug|Any CPU
		{95C90F86-14C5-493D-964C-4FF4223645B4}.Release|Any CPU.ActiveCfg = Release|Any CPU
		{95C90F86-14C5-493D-964C-4FF4223645B4}.Release|Any CPU.Build.0 = Release|Any CPU
		{C9C6471A-E7E9-4856-BAD8-18EE174BCF7E}.Debug|Any CPU.ActiveCfg = Debug|Any CPU
		{C9C6471A-E7E9-4856-BAD8-18EE174BCF7E}.Debug|Any CPU.Build.0 = Debug|Any CPU
		{C9C6471A-E7E9-4856-BAD8-18EE174BCF7E}.Release|Any CPU.ActiveCfg = Release|Any CPU
		{C9C6471A-E7E9-4856-BAD8-18EE174BCF7E}.Release|Any CPU.Build.0 = Release|Any CPU
		{923FF5FC-7C7D-401F-9E44-7922B62301C3}.Debug|Any CPU.ActiveCfg = Debug|Any CPU
		{923FF5FC-7C7D-401F-9E44-7922B62301C3}.Debug|Any CPU.Build.0 = Debug|Any CPU
		{923FF5FC-7C7D-401F-9E44-7922B62301C3}.Release|Any CPU.ActiveCfg = Release|Any CPU
		{923FF5FC-7C7D-401F-9E44-7922B62301C3}.Release|Any CPU.Build.0 = Release|Any CPU
		{9819AF6A-A491-41B4-A601-2382049CF369}.Debug|Any CPU.ActiveCfg = Debug|Any CPU
		{9819AF6A-A491-41B4-A601-2382049CF369}.Debug|Any CPU.Build.0 = Debug|Any CPU
		{9819AF6A-A491-41B4-A601-2382049CF369}.Release|Any CPU.ActiveCfg = Release|Any CPU
		{9819AF6A-A491-41B4-A601-2382049CF369}.Release|Any CPU.Build.0 = Release|Any CPU
		{850CFB85-E90F-4D2E-BA64-504F294267B3}.Debug|Any CPU.ActiveCfg = Debug|Any CPU
		{850CFB85-E90F-4D2E-BA64-504F294267B3}.Debug|Any CPU.Build.0 = Debug|Any CPU
		{850CFB85-E90F-4D2E-BA64-504F294267B3}.Release|Any CPU.ActiveCfg = Release|Any CPU
		{850CFB85-E90F-4D2E-BA64-504F294267B3}.Release|Any CPU.Build.0 = Release|Any CPU
		{AEDC25AF-11E5-482C-B082-FB20DA46CA86}.Debug|Any CPU.ActiveCfg = Debug|Any CPU
		{AEDC25AF-11E5-482C-B082-FB20DA46CA86}.Debug|Any CPU.Build.0 = Debug|Any CPU
		{AEDC25AF-11E5-482C-B082-FB20DA46CA86}.Release|Any CPU.ActiveCfg = Release|Any CPU
		{AEDC25AF-11E5-482C-B082-FB20DA46CA86}.Release|Any CPU.Build.0 = Release|Any CPU
	EndGlobalSection
	GlobalSection(SolutionProperties) = preSolution
		HideSolutionNode = FALSE
	EndGlobalSection
	GlobalSection(NestedProjects) = preSolution
		{41E7F04B-7D4C-49AF-AE02-4DF1E95DC7E8} = {8F7DFF77-AB38-4EFE-AD8C-F1CF71009D20}
		{9934782D-7E6D-455D-96FF-8D90CB2EFE5C} = {8F7DFF77-AB38-4EFE-AD8C-F1CF71009D20}
		{DDF59F29-DB55-464D-828F-316517E4AF73} = {00F3CF97-0CF3-44CA-A5EC-6F8716F4EBBF}
		{196B1B97-75F9-409B-A2AC-4BA61554AC67} = {8F7DFF77-AB38-4EFE-AD8C-F1CF71009D20}
		{2035B52C-3C64-435C-908A-EE15F5725860} = {196B1B97-75F9-409B-A2AC-4BA61554AC67}
		{95C90F86-14C5-493D-964C-4FF4223645B4} = {00F3CF97-0CF3-44CA-A5EC-6F8716F4EBBF}
		{C9C6471A-E7E9-4856-BAD8-18EE174BCF7E} = {196B1B97-75F9-409B-A2AC-4BA61554AC67}
		{923FF5FC-7C7D-401F-9E44-7922B62301C3} = {AB1FA910-3AA7-4C0A-B570-D4A785E87000}
		{9819AF6A-A491-41B4-A601-2382049CF369} = {AB1FA910-3AA7-4C0A-B570-D4A785E87000}
		{850CFB85-E90F-4D2E-BA64-504F294267B3} = {AB1FA910-3AA7-4C0A-B570-D4A785E87000}
		{AEDC25AF-11E5-482C-B082-FB20DA46CA86} = {00F3CF97-0CF3-44CA-A5EC-6F8716F4EBBF}
	EndGlobalSection
	GlobalSection(ExtensibilityGlobals) = postSolution
		SolutionGuid = {1D3D7192-9469-4D67-8805-449A56110CBA}
	EndGlobalSection
EndGlobal
